
Microsoft Visual Studio Solution File, Format Version 12.00
# Visual Studio Version 17
VisualStudioVersion = 17.13.35828.75 d17.13
MinimumVisualStudioVersion = 10.0.40219.1
Project("{2150E333-8FDC-42A3-9474-1A3956D46DE8}") = "Core", "Core", "{02EA681E-C7D8-13C7-8484-4AC65E1B71E8}"
EndProject
Project("{2150E333-8FDC-42A3-9474-1A3956D46DE8}") = "Infrastructure", "Infrastructure", "{D7664A8D-52C2-497E-9EBD-8FAA1E2BA677}"
EndProject
Project("{2150E333-8FDC-42A3-9474-1A3956D46DE8}") = "Presentation", "Presentation", "{A71A7CEE-C53C-4756-8531-746BD5DB04B3}"
EndProject
Project("{FAE04EC0-301F-11D3-BF4B-00C04F79EFBC}") = "WebApi", "WebApi\WebApi.csproj", "{73E06695-0217-4B97-98E3-171C9B20F1D3}"
EndProject
Project("{FAE04EC0-301F-11D3-BF4B-00C04F79EFBC}") = "Persistence", "Persistence\Persistence.csproj", "{ADE32EF7-982F-4D1E-B3AB-B4A02F086EDD}"
EndProject
Project("{FAE04EC0-301F-11D3-BF4B-00C04F79EFBC}") = "Domain", "Domain\Domain.csproj", "{40EE6D7F-44FC-4791-825A-329489164831}"
EndProject
Project("{FAE04EC0-301F-11D3-BF4B-00C04F79EFBC}") = "Application", "Application\Application.csproj", "{7FCC553C-D8C2-4C17-A615-18CE893C4623}"
EndProject
Global
	GlobalSection(SolutionConfigurationPlatforms) = preSolution
		Debug|Any CPU = Debug|Any CPU
		Release|Any CPU = Release|Any CPU
	EndGlobalSection
	GlobalSection(ProjectConfigurationPlatforms) = postSolution
		{73E06695-0217-4B97-98E3-171C9B20F1D3}.Debug|Any CPU.ActiveCfg = Debug|Any CPU
		{73E06695-0217-4B97-98E3-171C9B20F1D3}.Debug|Any CPU.Build.0 = Debug|Any CPU
		{73E06695-0217-4B97-98E3-171C9B20F1D3}.Release|Any CPU.ActiveCfg = Release|Any CPU
		{73E06695-0217-4B97-98E3-171C9B20F1D3}.Release|Any CPU.Build.0 = Release|Any CPU
		{ADE32EF7-982F-4D1E-B3AB-B4A02F086EDD}.Debug|Any CPU.ActiveCfg = Debug|Any CPU
		{ADE32EF7-982F-4D1E-B3AB-B4A02F086EDD}.Debug|Any CPU.Build.0 = Debug|Any CPU
		{ADE32EF7-982F-4D1E-B3AB-B4A02F086EDD}.Release|Any CPU.ActiveCfg = Release|Any CPU
		{ADE32EF7-982F-4D1E-B3AB-B4A02F086EDD}.Release|Any CPU.Build.0 = Release|Any CPU
		{40EE6D7F-44FC-4791-825A-329489164831}.Debug|Any CPU.ActiveCfg = Debug|Any CPU
		{40EE6D7F-44FC-4791-825A-329489164831}.Debug|Any CPU.Build.0 = Debug|Any CPU
		{40EE6D7F-44FC-4791-825A-329489164831}.Release|Any CPU.ActiveCfg = Release|Any CPU
		{40EE6D7F-44FC-4791-825A-329489164831}.Release|Any CPU.Build.0 = Release|Any CPU
		{7FCC553C-D8C2-4C17-A615-18CE893C4623}.Debug|Any CPU.ActiveCfg = Debug|Any CPU
		{7FCC553C-D8C2-4C17-A615-18CE893C4623}.Debug|Any CPU.Build.0 = Debug|Any CPU
		{7FCC553C-D8C2-4C17-A615-18CE893C4623}.Release|Any CPU.ActiveCfg = Release|Any CPU
		{7FCC553C-D8C2-4C17-A615-18CE893C4623}.Release|Any CPU.Build.0 = Release|Any CPU
	EndGlobalSection
	GlobalSection(SolutionProperties) = preSolution
		HideSolutionNode = FALSE
	EndGlobalSection
	GlobalSection(NestedProjects) = preSolution
		{73E06695-0217-4B97-98E3-171C9B20F1D3} = {A71A7CEE-C53C-4756-8531-746BD5DB04B3}
		{ADE32EF7-982F-4D1E-B3AB-B4A02F086EDD} = {D7664A8D-52C2-497E-9EBD-8FAA1E2BA677}
		{40EE6D7F-44FC-4791-825A-329489164831} = {02EA681E-C7D8-13C7-8484-4AC65E1B71E8}
		{7FCC553C-D8C2-4C17-A615-18CE893C4623} = {02EA681E-C7D8-13C7-8484-4AC65E1B71E8}
	EndGlobalSection
	GlobalSection(ExtensibilityGlobals) = postSolution
		SolutionGuid = {3F4783D6-59C5-4AB5-8022-321E003CE0DA}
	EndGlobalSection
EndGlobal
